
Microsoft Visual Studio Solution File, Format Version 12.00
# Visual Studio 2012
Project("{FAE04EC0-301F-11D3-BF4B-00C04F79EFBC}") = "DR.WCF.Server", "DR.WCF.Server\DR.WCF.Server.csproj", "{15B3E0D2-6217-493A-A690-158C497F5318}"
EndProject
Project("{FAE04EC0-301F-11D3-BF4B-00C04F79EFBC}") = "DR.WCF.Server.Application", "DR.WCF.Server.Application\DR.WCF.Server.Application.csproj", "{1853C936-E359-4FEF-B3FE-48C9438F2FBA}"
EndProject
Project("{FAE04EC0-301F-11D3-BF4B-00C04F79EFBC}") = "DR.WCF.Server.Host", "DR.WCF.Server.Host\DR.WCF.Server.Host.csproj", "{87B45971-CAC4-47CC-9DC0-ED6262052203}"
EndProject
Project("{FAE04EC0-301F-11D3-BF4B-00C04F79EFBC}") = "DR.WCF.Client.Proxy", "DR.WCF.Client.Proxy\DR.WCF.Client.Proxy.csproj", "{43E6277D-183D-4900-80D0-4AE82C9E1812}"
EndProject
Project("{2150E333-8FDC-42A3-9474-1A3956D46DE8}") = "Server", "Server", "{F22F906C-949E-4892-B8A2-33324165E863}"
EndProject
Project("{2150E333-8FDC-42A3-9474-1A3956D46DE8}") = "Client", "Client", "{48A27718-1F11-4EA4-8A70-1A62E4CE7A85}"
EndProject
Project("{FAE04EC0-301F-11D3-BF4B-00C04F79EFBC}") = "DR.WCF.Client", "DR.WCF.Client\DR.WCF.Client.csproj", "{45259E4B-AC92-4B01-AE0F-464E5878894A}"
EndProject
Project("{FAE04EC0-301F-11D3-BF4B-00C04F79EFBC}") = "DR.WCF.Client.Host", "DR.WCF.Client.Host\DR.WCF.Client.Host.csproj", "{41724AA2-336C-4047-B062-CBC2A07BAA25}"
	ProjectSection(ProjectDependencies) = postProject
		{15B3E0D2-6217-493A-A690-158C497F5318} = {15B3E0D2-6217-493A-A690-158C497F5318}
	EndProjectSection
EndProject
Project("{FAE04EC0-301F-11D3-BF4B-00C04F79EFBC}") = "DR.WCF.ClientSVCLess.Host", "DR.WCF.ClientSVCLess.Host\DR.WCF.ClientSVCLess.Host.csproj", "{C5FA1FB7-80BA-4B2F-B997-D8E5BC437272}"
EndProject
Project("{2150E333-8FDC-42A3-9474-1A3956D46DE8}") = "Routing", "Routing", "{B6F0ED86-61AF-4972-B983-9A21C517C284}"
EndProject
Project("{FAE04EC0-301F-11D3-BF4B-00C04F79EFBC}") = "DR.WCF.Router", "DR.WCF.Router\DR.WCF.Router.csproj", "{EF642B97-A3F5-45E3-93E7-254A266AF398}"
EndProject
Project("{2150E333-8FDC-42A3-9474-1A3956D46DE8}") = "Contracts", "Contracts", "{B78A74B7-698B-4A1E-856C-7EBD74F4D3A8}"
EndProject
Project("{FAE04EC0-301F-11D3-BF4B-00C04F79EFBC}") = "DR.WCF.Service.OneWay", "DR.WCF.Service.OneWay\DR.WCF.Service.OneWay.csproj", "{869D7994-1505-42F1-814E-ECE170249854}"
EndProject
Project("{FAE04EC0-301F-11D3-BF4B-00C04F79EFBC}") = "DR.WCF.Service.Duplex", "DR.WCF.Service.Duplex\DR.WCF.Service.Duplex.csproj", "{FBA38B0A-69B3-4473-AD12-4AE1F037AF0E}"
EndProject
Global
	GlobalSection(SolutionConfigurationPlatforms) = preSolution
		Debug|Any CPU = Debug|Any CPU
		Release|Any CPU = Release|Any CPU
	EndGlobalSection
	GlobalSection(ProjectConfigurationPlatforms) = postSolution
		{15B3E0D2-6217-493A-A690-158C497F5318}.Debug|Any CPU.ActiveCfg = Debug|Any CPU
		{15B3E0D2-6217-493A-A690-158C497F5318}.Debug|Any CPU.Build.0 = Debug|Any CPU
		{15B3E0D2-6217-493A-A690-158C497F5318}.Release|Any CPU.ActiveCfg = Release|Any CPU
		{15B3E0D2-6217-493A-A690-158C497F5318}.Release|Any CPU.Build.0 = Release|Any CPU
		{1853C936-E359-4FEF-B3FE-48C9438F2FBA}.Debug|Any CPU.ActiveCfg = Debug|Any CPU
		{1853C936-E359-4FEF-B3FE-48C9438F2FBA}.Debug|Any CPU.Build.0 = Debug|Any CPU
		{1853C936-E359-4FEF-B3FE-48C9438F2FBA}.Release|Any CPU.ActiveCfg = Release|Any CPU
		{1853C936-E359-4FEF-B3FE-48C9438F2FBA}.Release|Any CPU.Build.0 = Release|Any CPU
		{87B45971-CAC4-47CC-9DC0-ED6262052203}.Debug|Any CPU.ActiveCfg = Debug|Any CPU
		{87B45971-CAC4-47CC-9DC0-ED6262052203}.Debug|Any CPU.Build.0 = Debug|Any CPU
		{87B45971-CAC4-47CC-9DC0-ED6262052203}.Release|Any CPU.ActiveCfg = Release|Any CPU
		{87B45971-CAC4-47CC-9DC0-ED6262052203}.Release|Any CPU.Build.0 = Release|Any CPU
		{43E6277D-183D-4900-80D0-4AE82C9E1812}.Debug|Any CPU.ActiveCfg = Debug|Any CPU
		{43E6277D-183D-4900-80D0-4AE82C9E1812}.Debug|Any CPU.Build.0 = Debug|Any CPU
		{43E6277D-183D-4900-80D0-4AE82C9E1812}.Release|Any CPU.ActiveCfg = Release|Any CPU
		{43E6277D-183D-4900-80D0-4AE82C9E1812}.Release|Any CPU.Build.0 = Release|Any CPU
		{45259E4B-AC92-4B01-AE0F-464E5878894A}.Debug|Any CPU.ActiveCfg = Debug|Any CPU
		{45259E4B-AC92-4B01-AE0F-464E5878894A}.Debug|Any CPU.Build.0 = Debug|Any CPU
		{45259E4B-AC92-4B01-AE0F-464E5878894A}.Release|Any CPU.ActiveCfg = Release|Any CPU
		{45259E4B-AC92-4B01-AE0F-464E5878894A}.Release|Any CPU.Build.0 = Release|Any CPU
		{41724AA2-336C-4047-B062-CBC2A07BAA25}.Debug|Any CPU.ActiveCfg = Debug|Any CPU
		{41724AA2-336C-4047-B062-CBC2A07BAA25}.Debug|Any CPU.Build.0 = Debug|Any CPU
		{41724AA2-336C-4047-B062-CBC2A07BAA25}.Release|Any CPU.ActiveCfg = Release|Any CPU
		{41724AA2-336C-4047-B062-CBC2A07BAA25}.Release|Any CPU.Build.0 = Release|Any CPU
		{C5FA1FB7-80BA-4B2F-B997-D8E5BC437272}.Debug|Any CPU.ActiveCfg = Debug|Any CPU
		{C5FA1FB7-80BA-4B2F-B997-D8E5BC437272}.Debug|Any CPU.Build.0 = Debug|Any CPU
		{C5FA1FB7-80BA-4B2F-B997-D8E5BC437272}.Release|Any CPU.ActiveCfg = Release|Any CPU
		{C5FA1FB7-80BA-4B2F-B997-D8E5BC437272}.Release|Any CPU.Build.0 = Release|Any CPU
		{EF642B97-A3F5-45E3-93E7-254A266AF398}.Debug|Any CPU.ActiveCfg = Debug|Any CPU
		{EF642B97-A3F5-45E3-93E7-254A266AF398}.Debug|Any CPU.Build.0 = Debug|Any CPU
		{EF642B97-A3F5-45E3-93E7-254A266AF398}.Release|Any CPU.ActiveCfg = Release|Any CPU
		{EF642B97-A3F5-45E3-93E7-254A266AF398}.Release|Any CPU.Build.0 = Release|Any CPU
		{869D7994-1505-42F1-814E-ECE170249854}.Debug|Any CPU.ActiveCfg = Debug|Any CPU
		{869D7994-1505-42F1-814E-ECE170249854}.Debug|Any CPU.Build.0 = Debug|Any CPU
		{869D7994-1505-42F1-814E-ECE170249854}.Release|Any CPU.ActiveCfg = Release|Any CPU
		{869D7994-1505-42F1-814E-ECE170249854}.Release|Any CPU.Build.0 = Release|Any CPU
		{FBA38B0A-69B3-4473-AD12-4AE1F037AF0E}.Debug|Any CPU.ActiveCfg = Debug|Any CPU
		{FBA38B0A-69B3-4473-AD12-4AE1F037AF0E}.Debug|Any CPU.Build.0 = Debug|Any CPU
		{FBA38B0A-69B3-4473-AD12-4AE1F037AF0E}.Release|Any CPU.ActiveCfg = Release|Any CPU
		{FBA38B0A-69B3-4473-AD12-4AE1F037AF0E}.Release|Any CPU.Build.0 = Release|Any CPU
	EndGlobalSection
	GlobalSection(SolutionProperties) = preSolution
		HideSolutionNode = FALSE
	EndGlobalSection
	GlobalSection(NestedProjects) = preSolution
		{1853C936-E359-4FEF-B3FE-48C9438F2FBA} = {F22F906C-949E-4892-B8A2-33324165E863}
		{87B45971-CAC4-47CC-9DC0-ED6262052203} = {F22F906C-949E-4892-B8A2-33324165E863}
		{15B3E0D2-6217-493A-A690-158C497F5318} = {F22F906C-949E-4892-B8A2-33324165E863}
		{43E6277D-183D-4900-80D0-4AE82C9E1812} = {48A27718-1F11-4EA4-8A70-1A62E4CE7A85}
		{45259E4B-AC92-4B01-AE0F-464E5878894A} = {48A27718-1F11-4EA4-8A70-1A62E4CE7A85}
		{41724AA2-336C-4047-B062-CBC2A07BAA25} = {48A27718-1F11-4EA4-8A70-1A62E4CE7A85}
		{C5FA1FB7-80BA-4B2F-B997-D8E5BC437272} = {48A27718-1F11-4EA4-8A70-1A62E4CE7A85}
		{EF642B97-A3F5-45E3-93E7-254A266AF398} = {B6F0ED86-61AF-4972-B983-9A21C517C284}
		{869D7994-1505-42F1-814E-ECE170249854} = {B78A74B7-698B-4A1E-856C-7EBD74F4D3A8}
		{FBA38B0A-69B3-4473-AD12-4AE1F037AF0E} = {B78A74B7-698B-4A1E-856C-7EBD74F4D3A8}
	EndGlobalSection
EndGlobal
